
Microsoft Visual Studio Solution File, Format Version 12.00
# Visual Studio Version 16
VisualStudioVersion = 16.0.29613.14
MinimumVisualStudioVersion = 10.0.40219.1
Project("{9A19103F-16F7-4668-BE54-9A1E7A4F7556}") = "PanoramicData.ConsoleExtensions", "PanoramicData.ConsoleExtensions\PanoramicData.ConsoleExtensions.csproj", "{3D9DEE6E-4921-41DD-AF54-B10F72286BD8}"
EndProject
Project("{2150E333-8FDC-42A3-9474-1A3956D46DE8}") = "Solution items", "Solution items", "{1460BE0B-2331-4C9B-B285-A65251B462F3}"
	ProjectSection(SolutionItems) = preProject
		.editorconfig = .editorconfig
		.gitignore = .gitignore
		global.json = global.json
		LICENSE = LICENSE
		README.md = README.md
		version.json = version.json
	EndProjectSection
EndProject
Global
	GlobalSection(SolutionConfigurationPlatforms) = preSolution
		Debug|Any CPU = Debug|Any CPU
		Release|Any CPU = Release|Any CPU
	EndGlobalSection
	GlobalSection(ProjectConfigurationPlatforms) = postSolution
		{3D9DEE6E-4921-41DD-AF54-B10F72286BD8}.Debug|Any CPU.ActiveCfg = Debug|Any CPU
		{3D9DEE6E-4921-41DD-AF54-B10F72286BD8}.Debug|Any CPU.Build.0 = Debug|Any CPU
		{3D9DEE6E-4921-41DD-AF54-B10F72286BD8}.Release|Any CPU.ActiveCfg = Release|Any CPU
		{3D9DEE6E-4921-41DD-AF54-B10F72286BD8}.Release|Any CPU.Build.0 = Release|Any CPU
	EndGlobalSection
	GlobalSection(SolutionProperties) = preSolution
		HideSolutionNode = FALSE
	EndGlobalSection
	GlobalSection(ExtensibilityGlobals) = postSolution
		SolutionGuid = {B9BB2802-4B5F-4E1B-9BFC-6E117E7539F6}
	EndGlobalSection
EndGlobal
